// !$*UTF8*$!
{
	archiveVersion = 1;
	classes = {
	};
	objectVersion = 46;
	objects = {

/* Begin PBXBuildFile section */
		F63AD27016DF156E006B822D /* UIKit.framework in Frameworks */ = {isa = PBXBuildFile; fileRef = F63AD26F16DF156E006B822D /* UIKit.framework */; };
		F63AD27216DF156E006B822D /* Foundation.framework in Frameworks */ = {isa = PBXBuildFile; fileRef = F63AD27116DF156E006B822D /* Foundation.framework */; };
		F63AD27416DF156E006B822D /* CoreGraphics.framework in Frameworks */ = {isa = PBXBuildFile; fileRef = F63AD27316DF156E006B822D /* CoreGraphics.framework */; };
		F63AD27C16DF156E006B822D /* main.m in Sources */ = {isa = PBXBuildFile; fileRef = F63AD27B16DF156E006B822D /* main.m */; };
		F63AD28016DF156E006B822D /* FPTAppDelegate.m in Sources */ = {isa = PBXBuildFile; fileRef = F63AD27F16DF156E006B822D /* FPTAppDelegate.m */; };
		F63AD28216DF156E006B822D /* Default.png in Resources */ = {isa = PBXBuildFile; fileRef = F63AD28116DF156E006B822D /* Default.png */; };
		F63AD28416DF156E006B822D /* Default@2x.png in Resources */ = {isa = PBXBuildFile; fileRef = F63AD28316DF156E006B822D /* Default@2x.png */; };
		F63AD28616DF156E006B822D /* Default-568h@2x.png in Resources */ = {isa = PBXBuildFile; fileRef = F63AD28516DF156E006B822D /* Default-568h@2x.png */; };
		F63AD28916DF156E006B822D /* FPTViewController.m in Sources */ = {isa = PBXBuildFile; fileRef = F63AD28816DF156E006B822D /* FPTViewController.m */; };
		F63AD2A116DF1B44006B822D /* MapKit.framework in Frameworks */ = {isa = PBXBuildFile; fileRef = F63AD2A016DF1B44006B822D /* MapKit.framework */; };
		F63AD2AD16DF26EB006B822D /* CoreLocation.framework in Frameworks */ = {isa = PBXBuildFile; fileRef = F63AD2AC16DF26EB006B822D /* CoreLocation.framework */; };
		F696E07216DF361100ADAF06 /* FPTViewController_iPad.xib in Resources */ = {isa = PBXBuildFile; fileRef = F696E06C16DF361100ADAF06 /* FPTViewController_iPad.xib */; };
		F696E07316DF361100ADAF06 /* FPTViewController_iPhone.xib in Resources */ = {isa = PBXBuildFile; fileRef = F696E06E16DF361100ADAF06 /* FPTViewController_iPhone.xib */; };
		F696E07416DF361100ADAF06 /* InfoPlist.strings in Resources */ = {isa = PBXBuildFile; fileRef = F696E07016DF361100ADAF06 /* InfoPlist.strings */; };
		F696E07B16DF368E00ADAF06 /* FPTMapViewController.m in Sources */ = {isa = PBXBuildFile; fileRef = F696E07616DF368E00ADAF06 /* FPTMapViewController.m */; };
		F696E07C16DF368E00ADAF06 /* FPTMapViewController.xib in Resources */ = {isa = PBXBuildFile; fileRef = F696E07716DF368E00ADAF06 /* FPTMapViewController.xib */; };
		F696E07D16DF368E00ADAF06 /* FPTNavViewController.m in Sources */ = {isa = PBXBuildFile; fileRef = F696E07916DF368E00ADAF06 /* FPTNavViewController.m */; };
		F696E07E16DF368E00ADAF06 /* FPTNavViewController.xib in Resources */ = {isa = PBXBuildFile; fileRef = F696E07A16DF368E00ADAF06 /* FPTNavViewController.xib */; };
/* End PBXBuildFile section */

/* Begin PBXFileReference section */
		F63AD26B16DF156E006B822D /* 4Points.app */ = {isa = PBXFileReference; explicitFileType = wrapper.application; includeInIndex = 0; path = 4Points.app; sourceTree = BUILT_PRODUCTS_DIR; };
		F63AD26F16DF156E006B822D /* UIKit.framework */ = {isa = PBXFileReference; lastKnownFileType = wrapper.framework; name = UIKit.framework; path = System/Library/Frameworks/UIKit.framework; sourceTree = SDKROOT; };
		F63AD27116DF156E006B822D /* Foundation.framework */ = {isa = PBXFileReference; lastKnownFileType = wrapper.framework; name = Foundation.framework; path = System/Library/Frameworks/Foundation.framework; sourceTree = SDKROOT; };
		F63AD27316DF156E006B822D /* CoreGraphics.framework */ = {isa = PBXFileReference; lastKnownFileType = wrapper.framework; name = CoreGraphics.framework; path = System/Library/Frameworks/CoreGraphics.framework; sourceTree = SDKROOT; };
		F63AD27716DF156E006B822D /* 4Points-Info.plist */ = {isa = PBXFileReference; lastKnownFileType = text.plist.xml; path = "4Points-Info.plist"; sourceTree = "<group>"; };
		F63AD27B16DF156E006B822D /* main.m */ = {isa = PBXFileReference; lastKnownFileType = sourcecode.c.objc; path = main.m; sourceTree = "<group>"; };
		F63AD27D16DF156E006B822D /* 4Points-Prefix.pch */ = {isa = PBXFileReference; lastKnownFileType = sourcecode.c.h; path = "4Points-Prefix.pch"; sourceTree = "<group>"; };
		F63AD27E16DF156E006B822D /* FPTAppDelegate.h */ = {isa = PBXFileReference; lastKnownFileType = sourcecode.c.h; path = FPTAppDelegate.h; sourceTree = "<group>"; };
		F63AD27F16DF156E006B822D /* FPTAppDelegate.m */ = {isa = PBXFileReference; lastKnownFileType = sourcecode.c.objc; path = FPTAppDelegate.m; sourceTree = "<group>"; };
		F63AD28116DF156E006B822D /* Default.png */ = {isa = PBXFileReference; lastKnownFileType = image.png; path = Default.png; sourceTree = "<group>"; };
		F63AD28316DF156E006B822D /* Default@2x.png */ = {isa = PBXFileReference; lastKnownFileType = image.png; path = "Default@2x.png"; sourceTree = "<group>"; };
		F63AD28516DF156E006B822D /* Default-568h@2x.png */ = {isa = PBXFileReference; lastKnownFileType = image.png; path = "Default-568h@2x.png"; sourceTree = "<group>"; };
		F63AD28716DF156E006B822D /* FPTViewController.h */ = {isa = PBXFileReference; lastKnownFileType = sourcecode.c.h; path = FPTViewController.h; sourceTree = "<group>"; };
		F63AD28816DF156E006B822D /* FPTViewController.m */ = {isa = PBXFileReference; lastKnownFileType = sourcecode.c.objc; path = FPTViewController.m; sourceTree = "<group>"; };
		F63AD2A016DF1B44006B822D /* MapKit.framework */ = {isa = PBXFileReference; lastKnownFileType = wrapper.framework; name = MapKit.framework; path = System/Library/Frameworks/MapKit.framework; sourceTree = SDKROOT; };
		F63AD2AC16DF26EB006B822D /* CoreLocation.framework */ = {isa = PBXFileReference; lastKnownFileType = wrapper.framework; name = CoreLocation.framework; path = System/Library/Frameworks/CoreLocation.framework; sourceTree = SDKROOT; };
		F696E06D16DF361100ADAF06 /* en */ = {isa = PBXFileReference; lastKnownFileType = file.xib; name = en; path = en.lproj/FPTViewController_iPad.xib; sourceTree = SOURCE_ROOT; };
		F696E06F16DF361100ADAF06 /* en */ = {isa = PBXFileReference; lastKnownFileType = file.xib; name = en; path = en.lproj/FPTViewController_iPhone.xib; sourceTree = SOURCE_ROOT; };
		F696E07116DF361100ADAF06 /* en */ = {isa = PBXFileReference; lastKnownFileType = text.plist.strings; name = en; path = en.lproj/InfoPlist.strings; sourceTree = SOURCE_ROOT; };
		F696E07516DF368E00ADAF06 /* FPTMapViewController.h */ = {isa = PBXFileReference; fileEncoding = 4; lastKnownFileType = sourcecode.c.h; path = FPTMapViewController.h; sourceTree = SOURCE_ROOT; };
		F696E07616DF368E00ADAF06 /* FPTMapViewController.m */ = {isa = PBXFileReference; fileEncoding = 4; lastKnownFileType = sourcecode.c.objc; path = FPTMapViewController.m; sourceTree = SOURCE_ROOT; };
		F696E07716DF368E00ADAF06 /* FPTMapViewController.xib */ = {isa = PBXFileReference; fileEncoding = 4; lastKnownFileType = file.xib; path = FPTMapViewController.xib; sourceTree = SOURCE_ROOT; };
		F696E07816DF368E00ADAF06 /* FPTNavViewController.h */ = {isa = PBXFileReference; fileEncoding = 4; lastKnownFileType = sourcecode.c.h; path = FPTNavViewController.h; sourceTree = SOURCE_ROOT; };
		F696E07916DF368E00ADAF06 /* FPTNavViewController.m */ = {isa = PBXFileReference; fileEncoding = 4; lastKnownFileType = sourcecode.c.objc; path = FPTNavViewController.m; sourceTree = SOURCE_ROOT; };
		F696E07A16DF368E00ADAF06 /* FPTNavViewController.xib */ = {isa = PBXFileReference; fileEncoding = 4; lastKnownFileType = file.xib; path = FPTNavViewController.xib; sourceTree = SOURCE_ROOT; };
/* End PBXFileReference section */

/* Begin PBXFrameworksBuildPhase section */
		F63AD26816DF156E006B822D /* Frameworks */ = {
			isa = PBXFrameworksBuildPhase;
			buildActionMask = 2147483647;
			files = (
				F63AD2AD16DF26EB006B822D /* CoreLocation.framework in Frameworks */,
				F63AD2A116DF1B44006B822D /* MapKit.framework in Frameworks */,
				F63AD27016DF156E006B822D /* UIKit.framework in Frameworks */,
				F63AD27216DF156E006B822D /* Foundation.framework in Frameworks */,
				F63AD27416DF156E006B822D /* CoreGraphics.framework in Frameworks */,
			);
			runOnlyForDeploymentPostprocessing = 0;
		};
/* End PBXFrameworksBuildPhase section */

/* Begin PBXGroup section */
		F63AD26016DF156E006B822D = {
			isa = PBXGroup;
			children = (
				F63AD2AC16DF26EB006B822D /* CoreLocation.framework */,
				F63AD27516DF156E006B822D /* 4Points */,
				F63AD26E16DF156E006B822D /* Frameworks */,
				F63AD26C16DF156E006B822D /* Products */,
			);
			sourceTree = "<group>";
		};
		F63AD26C16DF156E006B822D /* Products */ = {
			isa = PBXGroup;
			children = (
				F63AD26B16DF156E006B822D /* 4Points.app */,
			);
			name = Products;
			sourceTree = "<group>";
		};
		F63AD26E16DF156E006B822D /* Frameworks */ = {
			isa = PBXGroup;
			children = (
				F63AD2A016DF1B44006B822D /* MapKit.framework */,
				F63AD26F16DF156E006B822D /* UIKit.framework */,
				F63AD27116DF156E006B822D /* Foundation.framework */,
				F63AD27316DF156E006B822D /* CoreGraphics.framework */,
			);
			name = Frameworks;
			sourceTree = "<group>";
		};
		F63AD27516DF156E006B822D /* 4Points */ = {
			isa = PBXGroup;
			children = (
				F696E07516DF368E00ADAF06 /* FPTMapViewController.h */,
				F696E07616DF368E00ADAF06 /* FPTMapViewController.m */,
				F696E07716DF368E00ADAF06 /* FPTMapViewController.xib */,
				F696E07816DF368E00ADAF06 /* FPTNavViewController.h */,
				F696E07916DF368E00ADAF06 /* FPTNavViewController.m */,
				F696E07A16DF368E00ADAF06 /* FPTNavViewController.xib */,
				F696E06C16DF361100ADAF06 /* FPTViewController_iPad.xib */,
				F696E06E16DF361100ADAF06 /* FPTViewController_iPhone.xib */,
				F63AD27E16DF156E006B822D /* FPTAppDelegate.h */,
				F63AD27F16DF156E006B822D /* FPTAppDelegate.m */,
				F63AD28716DF156E006B822D /* FPTViewController.h */,
				F63AD28816DF156E006B822D /* FPTViewController.m */,
				F63AD27616DF156E006B822D /* Supporting Files */,
			);
			path = 4Points;
			sourceTree = "<group>";
		};
		F63AD27616DF156E006B822D /* Supporting Files */ = {
			isa = PBXGroup;
			children = (
				F696E07016DF361100ADAF06 /* InfoPlist.strings */,
				F63AD27716DF156E006B822D /* 4Points-Info.plist */,
				F63AD27B16DF156E006B822D /* main.m */,
				F63AD27D16DF156E006B822D /* 4Points-Prefix.pch */,
				F63AD28116DF156E006B822D /* Default.png */,
				F63AD28316DF156E006B822D /* Default@2x.png */,
				F63AD28516DF156E006B822D /* Default-568h@2x.png */,
			);
			name = "Supporting Files";
			sourceTree = "<group>";
		};
/* End PBXGroup section */

/* Begin PBXNativeTarget section */
		F63AD26A16DF156E006B822D /* 4Points */ = {
			isa = PBXNativeTarget;
			buildConfigurationList = F63AD29216DF156E006B822D /* Build configuration list for PBXNativeTarget "4Points" */;
			buildPhases = (
				F63AD26716DF156E006B822D /* Sources */,
				F63AD26816DF156E006B822D /* Frameworks */,
				F63AD26916DF156E006B822D /* Resources */,
			);
			buildRules = (
			);
			dependencies = (
			);
			name = 4Points;
			productName = 4Points;
			productReference = F63AD26B16DF156E006B822D /* 4Points.app */;
			productType = "com.apple.product-type.application";
		};
/* End PBXNativeTarget section */

/* Begin PBXProject section */
		F63AD26216DF156E006B822D /* Project object */ = {
			isa = PBXProject;
			attributes = {
				CLASSPREFIX = FPT;
				LastUpgradeCheck = 0450;
				ORGANIZATIONNAME = "Carson Fee";
			};
			buildConfigurationList = F63AD26516DF156E006B822D /* Build configuration list for PBXProject "4Points" */;
			compatibilityVersion = "Xcode 3.2";
			developmentRegion = English;
			hasScannedForEncodings = 0;
			knownRegions = (
				en,
			);
			mainGroup = F63AD26016DF156E006B822D;
			productRefGroup = F63AD26C16DF156E006B822D /* Products */;
			projectDirPath = "";
			projectRoot = "";
			targets = (
				F63AD26A16DF156E006B822D /* 4Points */,
			);
		};
/* End PBXProject section */

/* Begin PBXResourcesBuildPhase section */
		F63AD26916DF156E006B822D /* Resources */ = {
			isa = PBXResourcesBuildPhase;
			buildActionMask = 2147483647;
			files = (
				F63AD28216DF156E006B822D /* Default.png in Resources */,
				F63AD28416DF156E006B822D /* Default@2x.png in Resources */,
				F63AD28616DF156E006B822D /* Default-568h@2x.png in Resources */,
				F696E07216DF361100ADAF06 /* FPTViewController_iPad.xib in Resources */,
				F696E07316DF361100ADAF06 /* FPTViewController_iPhone.xib in Resources */,
				F696E07416DF361100ADAF06 /* InfoPlist.strings in Resources */,
				F696E07C16DF368E00ADAF06 /* FPTMapViewController.xib in Resources */,
				F696E07E16DF368E00ADAF06 /* FPTNavViewController.xib in Resources */,
			);
			runOnlyForDeploymentPostprocessing = 0;
		};
/* End PBXResourcesBuildPhase section */

/* Begin PBXSourcesBuildPhase section */
		F63AD26716DF156E006B822D /* Sources */ = {
			isa = PBXSourcesBuildPhase;
			buildActionMask = 2147483647;
			files = (
				F63AD27C16DF156E006B822D /* main.m in Sources */,
				F63AD28016DF156E006B822D /* FPTAppDelegate.m in Sources */,
				F63AD28916DF156E006B822D /* FPTViewController.m in Sources */,
				F696E07B16DF368E00ADAF06 /* FPTMapViewController.m in Sources */,
				F696E07D16DF368E00ADAF06 /* FPTNavViewController.m in Sources */,
			);
			runOnlyForDeploymentPostprocessing = 0;
		};
/* End PBXSourcesBuildPhase section */

/* Begin PBXVariantGroup section */
		F696E06C16DF361100ADAF06 /* FPTViewController_iPad.xib */ = {
			isa = PBXVariantGroup;
			children = (
				F696E06D16DF361100ADAF06 /* en */,
			);
			name = FPTViewController_iPad.xib;
			sourceTree = "<group>";
		};
		F696E06E16DF361100ADAF06 /* FPTViewController_iPhone.xib */ = {
			isa = PBXVariantGroup;
			children = (
				F696E06F16DF361100ADAF06 /* en */,
			);
			name = FPTViewController_iPhone.xib;
			sourceTree = "<group>";
		};
		F696E07016DF361100ADAF06 /* InfoPlist.strings */ = {
			isa = PBXVariantGroup;
			children = (
				F696E07116DF361100ADAF06 /* en */,
			);
			name = InfoPlist.strings;
			sourceTree = "<group>";
		};
/* End PBXVariantGroup section */

/* Begin XCBuildConfiguration section */
		F63AD29016DF156E006B822D /* Debug */ = {
			isa = XCBuildConfiguration;
			buildSettings = {
				ALWAYS_SEARCH_USER_PATHS = NO;
				CLANG_CXX_LANGUAGE_STANDARD = "gnu++0x";
				CLANG_CXX_LIBRARY = "libc++";
				CLANG_ENABLE_OBJC_ARC = YES;
				CLANG_WARN_EMPTY_BODY = YES;
				CLANG_WARN__DUPLICATE_METHOD_MATCH = YES;
				"CODE_SIGN_IDENTITY[sdk=iphoneos*]" = "iPhone Developer";
				COPY_PHASE_STRIP = NO;
				GCC_C_LANGUAGE_STANDARD = gnu99;
				GCC_DYNAMIC_NO_PIC = NO;
				GCC_OPTIMIZATION_LEVEL = 0;
				GCC_PREPROCESSOR_DEFINITIONS = (
					"DEBUG=1",
					"$(inherited)",
				);
				GCC_SYMBOLS_PRIVATE_EXTERN = NO;
				GCC_WARN_ABOUT_RETURN_TYPE = YES;
				GCC_WARN_UNINITIALIZED_AUTOS = YES;
				GCC_WARN_UNUSED_VARIABLE = YES;
				IPHONEOS_DEPLOYMENT_TARGET = 6.0;
				ONLY_ACTIVE_ARCH = YES;
				SDKROOT = iphoneos;
				TARGETED_DEVICE_FAMILY = "1,2";
			};
			name = Debug;
		};
		F63AD29116DF156E006B822D /* Release */ = {
			isa = XCBuildConfiguration;
			buildSettings = {
				ALWAYS_SEARCH_USER_PATHS = NO;
				CLANG_CXX_LANGUAGE_STANDARD = "gnu++0x";
				CLANG_CXX_LIBRARY = "libc++";
				CLANG_ENABLE_OBJC_ARC = YES;
				CLANG_WARN_EMPTY_BODY = YES;
				CLANG_WARN__DUPLICATE_METHOD_MATCH = YES;
				"CODE_SIGN_IDENTITY[sdk=iphoneos*]" = "iPhone Developer";
				COPY_PHASE_STRIP = YES;
				GCC_C_LANGUAGE_STANDARD = gnu99;
				GCC_WARN_ABOUT_RETURN_TYPE = YES;
				GCC_WARN_UNINITIALIZED_AUTOS = YES;
				GCC_WARN_UNUSED_VARIABLE = YES;
				IPHONEOS_DEPLOYMENT_TARGET = 6.0;
				OTHER_CFLAGS = "-DNS_BLOCK_ASSERTIONS=1";
				SDKROOT = iphoneos;
				TARGETED_DEVICE_FAMILY = "1,2";
				VALIDATE_PRODUCT = YES;
			};
			name = Release;
		};
		F63AD29316DF156E006B822D /* Debug */ = {
			isa = XCBuildConfiguration;
			buildSettings = {
				GCC_PRECOMPILE_PREFIX_HEADER = YES;
				GCC_PREFIX_HEADER = "4Points-Prefix.pch";
				INFOPLIST_FILE = "$(SRCROOT)/4Points-Info.plist";
				PRODUCT_NAME = "$(TARGET_NAME)";
				WRAPPER_EXTENSION = app;
			};
			name = Debug;
		};
		F63AD29416DF156E006B822D /* Release */ = {
			isa = XCBuildConfiguration;
			buildSettings = {
				GCC_PRECOMPILE_PREFIX_HEADER = YES;
				GCC_PREFIX_HEADER = "4Points-Prefix.pch";
				INFOPLIST_FILE = "$(SRCROOT)/4Points-Info.plist";
				PRODUCT_NAME = "$(TARGET_NAME)";
				WRAPPER_EXTENSION = app;
			};
			name = Release;
		};
/* End XCBuildConfiguration section */

/* Begin XCConfigurationList section */
		F63AD26516DF156E006B822D /* Build configuration list for PBXProject "4Points" */ = {
			isa = XCConfigurationList;
			buildConfigurations = (
				F63AD29016DF156E006B822D /* Debug */,
				F63AD29116DF156E006B822D /* Release */,
			);
			defaultConfigurationIsVisible = 0;
			defaultConfigurationName = Release;
		};
		F63AD29216DF156E006B822D /* Build configuration list for PBXNativeTarget "4Points" */ = {
			isa = XCConfigurationList;
			buildConfigurations = (
				F63AD29316DF156E006B822D /* Debug */,
				F63AD29416DF156E006B822D /* Release */,
			);
			defaultConfigurationIsVisible = 0;
			defaultConfigurationName = Release;
		};
/* End XCConfigurationList section */
	};
	rootObject = F63AD26216DF156E006B822D /* Project object */;
}
